
Microsoft Visual Studio Solution File, Format Version 12.00
# Visual Studio Version 17
VisualStudioVersion = 17.5.33424.131
MinimumVisualStudioVersion = 10.0.40219.1
Project("{FAE04EC0-301F-11D3-BF4B-00C04F79EFBC}") = "hello-world-api", "hello-world-api\hello-world-api.csproj", "{BDF2251C-BD5F-4E48-9ECC-5E7EEEAA1C21}"
EndProject
Global
	GlobalSection(SolutionConfigurationPlatforms) = preSolution
		Debug|Any CPU = Debug|Any CPU
		Release|Any CPU = Release|Any CPU
	EndGlobalSection
	GlobalSection(ProjectConfigurationPlatforms) = postSolution
		{BDF2251C-BD5F-4E48-9ECC-5E7EEEAA1C21}.Debug|Any CPU.ActiveCfg = Debug|Any CPU
		{BDF2251C-BD5F-4E48-9ECC-5E7EEEAA1C21}.Debug|Any CPU.Build.0 = Debug|Any CPU
		{BDF2251C-BD5F-4E48-9ECC-5E7EEEAA1C21}.Release|Any CPU.ActiveCfg = Release|Any CPU
		{BDF2251C-BD5F-4E48-9ECC-5E7EEEAA1C21}.Release|Any CPU.Build.0 = Release|Any CPU
	EndGlobalSection
	GlobalSection(SolutionProperties) = preSolution
		HideSolutionNode = FALSE
	EndGlobalSection
	GlobalSection(ExtensibilityGlobals) = postSolution
		SolutionGuid = {97EBD1E6-98E9-4ECB-9D6C-33669AE90AA6}
	EndGlobalSection
EndGlobal
